
Microsoft Visual Studio Solution File, Format Version 12.00
# Visual Studio Version 16
VisualStudioVersion = 16.0.29920.165
MinimumVisualStudioVersion = 10.0.40219.1
Project("{FAE04EC0-301F-11D3-BF4B-00C04F79EFBC}") = "BusinessCardManagement", "BusinessCardManagement\BusinessCardManagement.csproj", "{D43733CE-C3D0-47D2-BB16-CC4BD2CA02ED}"
EndProject
Project("{FAE04EC0-301F-11D3-BF4B-00C04F79EFBC}") = "BusinessCardManagement.Tests", "BusinessCardManagement.Tests\BusinessCardManagement.Tests.csproj", "{81DCC079-E3BE-46BA-98DF-68F663B95C2A}"
EndProject
Global
	GlobalSection(SolutionConfigurationPlatforms) = preSolution
		Debug|Any CPU = Debug|Any CPU
		Release|Any CPU = Release|Any CPU
	EndGlobalSection
	GlobalSection(ProjectConfigurationPlatforms) = postSolution
		{D43733CE-C3D0-47D2-BB16-CC4BD2CA02ED}.Debug|Any CPU.ActiveCfg = Debug|Any CPU
		{D43733CE-C3D0-47D2-BB16-CC4BD2CA02ED}.Debug|Any CPU.Build.0 = Debug|Any CPU
		{D43733CE-C3D0-47D2-BB16-CC4BD2CA02ED}.Release|Any CPU.ActiveCfg = Release|Any CPU
		{D43733CE-C3D0-47D2-BB16-CC4BD2CA02ED}.Release|Any CPU.Build.0 = Release|Any CPU
		{81DCC079-E3BE-46BA-98DF-68F663B95C2A}.Debug|Any CPU.ActiveCfg = Debug|Any CPU
		{81DCC079-E3BE-46BA-98DF-68F663B95C2A}.Debug|Any CPU.Build.0 = Debug|Any CPU
		{81DCC079-E3BE-46BA-98DF-68F663B95C2A}.Release|Any CPU.ActiveCfg = Release|Any CPU
		{81DCC079-E3BE-46BA-98DF-68F663B95C2A}.Release|Any CPU.Build.0 = Release|Any CPU
	EndGlobalSection
	GlobalSection(SolutionProperties) = preSolution
		HideSolutionNode = FALSE
	EndGlobalSection
	GlobalSection(ExtensibilityGlobals) = postSolution
		SolutionGuid = {E55AEA18-4C73-4B66-9F8C-06EB524C5B5F}
	EndGlobalSection
EndGlobal
